
Microsoft Visual Studio Solution File, Format Version 12.00
# Visual Studio Version 16
VisualStudioVersion = 16.0.33130.400
MinimumVisualStudioVersion = 10.0.40219.1
Project("{FAE04EC0-301F-11D3-BF4B-00C04F79EFBC}") = "SimpleCRUD", "SimpleCRUD\SimpleCRUD.csproj", "{BA7E99DA-A688-4F5D-95D2-D9CC4AC6F0A5}"
EndProject
Global
	GlobalSection(SolutionConfigurationPlatforms) = preSolution
		Debug|Any CPU = Debug|Any CPU
		Release|Any CPU = Release|Any CPU
	EndGlobalSection
	GlobalSection(ProjectConfigurationPlatforms) = postSolution
		{BA7E99DA-A688-4F5D-95D2-D9CC4AC6F0A5}.Debug|Any CPU.ActiveCfg = Debug|Any CPU
		{BA7E99DA-A688-4F5D-95D2-D9CC4AC6F0A5}.Debug|Any CPU.Build.0 = Debug|Any CPU
		{BA7E99DA-A688-4F5D-95D2-D9CC4AC6F0A5}.Release|Any CPU.ActiveCfg = Release|Any CPU
		{BA7E99DA-A688-4F5D-95D2-D9CC4AC6F0A5}.Release|Any CPU.Build.0 = Release|Any CPU
	EndGlobalSection
	GlobalSection(SolutionProperties) = preSolution
		HideSolutionNode = FALSE
	EndGlobalSection
	GlobalSection(ExtensibilityGlobals) = postSolution
		SolutionGuid = {D25FE65C-D208-4AF9-A1DD-289ABB53B23B}
	EndGlobalSection
EndGlobal
